
Microsoft Visual Studio Solution File, Format Version 12.00
# Visual Studio Version 17
VisualStudioVersion = 17.1.32407.343
MinimumVisualStudioVersion = 10.0.40219.1
Project("{FAE04EC0-301F-11D3-BF4B-00C04F79EFBC}") = "romanos", "romanos\romanos.csproj", "{5368352E-D83B-428D-8326-B4DA5AD4AEBD}"
EndProject
Global
	GlobalSection(SolutionConfigurationPlatforms) = preSolution
		Debug|Any CPU = Debug|Any CPU
		Release|Any CPU = Release|Any CPU
	EndGlobalSection
	GlobalSection(ProjectConfigurationPlatforms) = postSolution
		{5368352E-D83B-428D-8326-B4DA5AD4AEBD}.Debug|Any CPU.ActiveCfg = Debug|Any CPU
		{5368352E-D83B-428D-8326-B4DA5AD4AEBD}.Debug|Any CPU.Build.0 = Debug|Any CPU
		{5368352E-D83B-428D-8326-B4DA5AD4AEBD}.Release|Any CPU.ActiveCfg = Release|Any CPU
		{5368352E-D83B-428D-8326-B4DA5AD4AEBD}.Release|Any CPU.Build.0 = Release|Any CPU
	EndGlobalSection
	GlobalSection(SolutionProperties) = preSolution
		HideSolutionNode = FALSE
	EndGlobalSection
	GlobalSection(ExtensibilityGlobals) = postSolution
		SolutionGuid = {96DF6562-2229-408D-BE22-18486A4B89E5}
	EndGlobalSection
EndGlobal
